// !$*UTF8*$!
{
	archiveVersion = 1;
	classes = {
	};
	objectVersion = 46;
	objects = {

/* Begin PBXBuildFile section */
		39B0FFCC1E8A249A00E3625E /* main.cpp in Sources */ = {isa = PBXBuildFile; fileRef = 39B0FFCB1E8A249A00E3625E /* main.cpp */; };
/* End PBXBuildFile section */

/* Begin PBXCopyFilesBuildPhase section */
		39B0FFC61E8A249A00E3625E /* CopyFiles */ = {
			isa = PBXCopyFilesBuildPhase;
			buildActionMask = 2147483647;
			dstPath = /usr/share/man/man1/;
			dstSubfolderSpec = 0;
			files = (
			);
			runOnlyForDeploymentPostprocessing = 1;
		};
/* End PBXCopyFilesBuildPhase section */

/* Begin PBXFileReference section */
		39B0FFC81E8A249A00E3625E /* poke */ = {isa = PBXFileReference; explicitFileType = "compiled.mach-o.executable"; includeInIndex = 0; path = poke; sourceTree = BUILT_PRODUCTS_DIR; };
		39B0FFCB1E8A249A00E3625E /* main.cpp */ = {isa = PBXFileReference; lastKnownFileType = sourcecode.cpp.cpp; path = main.cpp; sourceTree = "<group>"; };
		39B0FFD21E8A24E100E3625E /* poke.h */ = {isa = PBXFileReference; lastKnownFileType = sourcecode.c.h; path = poke.h; sourceTree = "<group>"; };
		39B0FFD31E8A251100E3625E /* player.h */ = {isa = PBXFileReference; lastKnownFileType = sourcecode.c.h; path = player.h; sourceTree = "<group>"; };
/* End PBXFileReference section */

/* Begin PBXFrameworksBuildPhase section */
		39B0FFC51E8A249A00E3625E /* Frameworks */ = {
			isa = PBXFrameworksBuildPhase;
			buildActionMask = 2147483647;
			files = (
			);
			runOnlyForDeploymentPostprocessing = 0;
		};
/* End PBXFrameworksBuildPhase section */

/* Begin PBXGroup section */
		39B0FFBF1E8A249A00E3625E = {
			isa = PBXGroup;
			children = (
				39B0FFCA1E8A249A00E3625E /* poke */,
				39B0FFC91E8A249A00E3625E /* Products */,
			);
			sourceTree = "<group>";
		};
		39B0FFC91E8A249A00E3625E /* Products */ = {
			isa = PBXGroup;
			children = (
				39B0FFC81E8A249A00E3625E /* poke */,
			);
			name = Products;
			sourceTree = "<group>";
		};
		39B0FFCA1E8A249A00E3625E /* poke */ = {
			isa = PBXGroup;
			children = (
				39B0FFCB1E8A249A00E3625E /* main.cpp */,
				39B0FFD21E8A24E100E3625E /* poke.h */,
				39B0FFD31E8A251100E3625E /* player.h */,
			);
			path = poke;
			sourceTree = "<group>";
		};
/* End PBXGroup section */

/* Begin PBXNativeTarget section */
		39B0FFC71E8A249A00E3625E /* poke */ = {
			isa = PBXNativeTarget;
			buildConfigurationList = 39B0FFCF1E8A249A00E3625E /* Build configuration list for PBXNativeTarget "poke" */;
			buildPhases = (
				39B0FFC41E8A249A00E3625E /* Sources */,
				39B0FFC51E8A249A00E3625E /* Frameworks */,
				39B0FFC61E8A249A00E3625E /* CopyFiles */,
			);
			buildRules = (
			);
			dependencies = (
			);
			name = poke;
			productName = poke;
			productReference = 39B0FFC81E8A249A00E3625E /* poke */;
			productType = "com.apple.product-type.tool";
		};
/* End PBXNativeTarget section */

/* Begin PBXProject section */
		39B0FFC01E8A249A00E3625E /* Project object */ = {
			isa = PBXProject;
			attributes = {
				LastUpgradeCheck = 0820;
				ORGANIZATIONNAME = MaYuan;
				TargetAttributes = {
					39B0FFC71E8A249A00E3625E = {
						CreatedOnToolsVersion = 8.2.1;
						DevelopmentTeam = RCS634Z2D7;
						ProvisioningStyle = Automatic;
					};
				};
			};
			buildConfigurationList = 39B0FFC31E8A249A00E3625E /* Build configuration list for PBXProject "poke" */;
			compatibilityVersion = "Xcode 3.2";
			developmentRegion = English;
			hasScannedForEncodings = 0;
			knownRegions = (
				en,
			);
			mainGroup = 39B0FFBF1E8A249A00E3625E;
			productRefGroup = 39B0FFC91E8A249A00E3625E /* Products */;
			projectDirPath = "";
			projectRoot = "";
			targets = (
				39B0FFC71E8A249A00E3625E /* poke */,
			);
		};
/* End PBXProject section */

/* Begin PBXSourcesBuildPhase section */
		39B0FFC41E8A249A00E3625E /* Sources */ = {
			isa = PBXSourcesBuildPhase;
			buildActionMask = 2147483647;
			files = (
				39B0FFCC1E8A249A00E3625E /* main.cpp in Sources */,
			);
			runOnlyForDeploymentPostprocessing = 0;
		};
/* End PBXSourcesBuildPhase section */

/* Begin XCBuildConfiguration section */
		39B0FFCD1E8A249A00E3625E /* Debug */ = {
			isa = XCBuildConfiguration;
			buildSettings = {
				ALWAYS_SEARCH_USER_PATHS = NO;
				CLANG_ANALYZER_NONNULL = YES;
				CLANG_CXX_LANGUAGE_STANDARD = "gnu++0x";
				CLANG_CXX_LIBRARY = "libc++";
				CLANG_ENABLE_MODULES = YES;
				CLANG_ENABLE_OBJC_ARC = YES;
				CLANG_WARN_BOOL_CONVERSION = YES;
				CLANG_WARN_CONSTANT_CONVERSION = YES;
				CLANG_WARN_DIRECT_OBJC_ISA_USAGE = YES_ERROR;
				CLANG_WARN_DOCUMENTATION_COMMENTS = YES;
				CLANG_WARN_EMPTY_BODY = YES;
				CLANG_WARN_ENUM_CONVERSION = YES;
				CLANG_WARN_INFINITE_RECURSION = YES;
				CLANG_WARN_INT_CONVERSION = YES;
				CLANG_WARN_OBJC_ROOT_CLASS = YES_ERROR;
				CLANG_WARN_SUSPICIOUS_MOVE = YES;
				CLANG_WARN_UNREACHABLE_CODE = YES;
				CLANG_WARN__DUPLICATE_METHOD_MATCH = YES;
				CODE_SIGN_IDENTITY = "-";
				COPY_PHASE_STRIP = NO;
				DEBUG_INFORMATION_FORMAT = dwarf;
				ENABLE_STRICT_OBJC_MSGSEND = YES;
				ENABLE_TESTABILITY = YES;
				GCC_C_LANGUAGE_STANDARD = gnu99;
				GCC_DYNAMIC_NO_PIC = NO;
				GCC_NO_COMMON_BLOCKS = YES;
				GCC_OPTIMIZATION_LEVEL = 0;
				GCC_PREPROCESSOR_DEFINITIONS = (
					"DEBUG=1",
					"$(inherited)",
				);
				GCC_WARN_64_TO_32_BIT_CONVERSION = YES;
				GCC_WARN_ABOUT_RETURN_TYPE = YES_ERROR;
				GCC_WARN_UNDECLARED_SELECTOR = YES;
				GCC_WARN_UNINITIALIZED_AUTOS = YES_AGGRESSIVE;
				GCC_WARN_UNUSED_FUNCTION = YES;
				GCC_WARN_UNUSED_VARIABLE = YES;
				MACOSX_DEPLOYMENT_TARGET = 10.12;
				MTL_ENABLE_DEBUG_INFO = YES;
				ONLY_ACTIVE_ARCH = YES;
				SDKROOT = macosx;
			};
			name = Debug;
		};
		39B0FFCE1E8A249A00E3625E /* Release */ = {
			isa = XCBuildConfiguration;
			buildSettings = {
				ALWAYS_SEARCH_USER_PATHS = NO;
				CLANG_ANALYZER_NONNULL = YES;
				CLANG_CXX_LANGUAGE_STANDARD = "gnu++0x";
				CLANG_CXX_LIBRARY = "libc++";
				CLANG_ENABLE_MODULES = YES;
				CLANG_ENABLE_OBJC_ARC = YES;
				CLANG_WARN_BOOL_CONVERSION = YES;
				CLANG_WARN_CONSTANT_CONVERSION = YES;
				CLANG_WARN_DIRECT_OBJC_ISA_USAGE = YES_ERROR;
				CLANG_WARN_DOCUMENTATION_COMMENTS = YES;
				CLANG_WARN_EMPTY_BODY = YES;
				CLANG_WARN_ENUM_CONVERSION = YES;
				CLANG_WARN_INFINITE_RECURSION = YES;
				CLANG_WARN_INT_CONVERSION = YES;
				CLANG_WARN_OBJC_ROOT_CLASS = YES_ERROR;
				CLANG_WARN_SUSPICIOUS_MOVE = YES;
				CLANG_WARN_UNREACHABLE_CODE = YES;
				CLANG_WARN__DUPLICATE_METHOD_MATCH = YES;
				CODE_SIGN_IDENTITY = "-";
				COPY_PHASE_STRIP = NO;
				DEBUG_INFORMATION_FORMAT = "dwarf-with-dsym";
				ENABLE_NS_ASSERTIONS = NO;
				ENABLE_STRICT_OBJC_MSGSEND = YES;
				GCC_C_LANGUAGE_STANDARD = gnu99;
				GCC_NO_COMMON_BLOCKS = YES;
				GCC_WARN_64_TO_32_BIT_CONVERSION = YES;
				GCC_WARN_ABOUT_RETURN_TYPE = YES_ERROR;
				GCC_WARN_UNDECLARED_SELECTOR = YES;
				GCC_WARN_UNINITIALIZED_AUTOS = YES_AGGRESSIVE;
				GCC_WARN_UNUSED_FUNCTION = YES;
				GCC_WARN_UNUSED_VARIABLE = YES;
				MACOSX_DEPLOYMENT_TARGET = 10.12;
				MTL_ENABLE_DEBUG_INFO = NO;
				SDKROOT = macosx;
			};
			name = Release;
		};
		39B0FFD01E8A249A00E3625E /* Debug */ = {
			isa = XCBuildConfiguration;
			buildSettings = {
				DEVELOPMENT_TEAM = RCS634Z2D7;
				PRODUCT_NAME = "$(TARGET_NAME)";
			};
			name = Debug;
		};
		39B0FFD11E8A249A00E3625E /* Release */ = {
			isa = XCBuildConfiguration;
			buildSettings = {
				DEVELOPMENT_TEAM = RCS634Z2D7;
				PRODUCT_NAME = "$(TARGET_NAME)";
			};
			name = Release;
		};
/* End XCBuildConfiguration section */

/* Begin XCConfigurationList section */
		39B0FFC31E8A249A00E3625E /* Build configuration list for PBXProject "poke" */ = {
			isa = XCConfigurationList;
			buildConfigurations = (
				39B0FFCD1E8A249A00E3625E /* Debug */,
				39B0FFCE1E8A249A00E3625E /* Release */,
			);
			defaultConfigurationIsVisible = 0;
			defaultConfigurationName = Release;
		};
		39B0FFCF1E8A249A00E3625E /* Build configuration list for PBXNativeTarget "poke" */ = {
			isa = XCConfigurationList;
			buildConfigurations = (
				39B0FFD01E8A249A00E3625E /* Debug */,
				39B0FFD11E8A249A00E3625E /* Release */,
			);
			defaultConfigurationIsVisible = 0;
		};
/* End XCConfigurationList section */
	};
	rootObject = 39B0FFC01E8A249A00E3625E /* Project object */;
}
