// !$*UTF8*$!
{
	archiveVersion = 1;
	classes = {
	};
	objectVersion = 48;
	objects = {

/* Begin PBXBuildFile section */
		39F78EBD20247AC000B0B5F1 /* Assets.xcassets in Resources */ = {isa = PBXBuildFile; fileRef = 39F78EBC20247AC000B0B5F1 /* Assets.xcassets */; };
		39F78EC420247AC100B0B5F1 /* IOS MessagesExtension.appex in Embed App Extensions */ = {isa = PBXBuildFile; fileRef = 39F78EC320247AC100B0B5F1 /* IOS MessagesExtension.appex */; settings = {ATTRIBUTES = (RemoveHeadersOnCopy, ); }; };
		39F78EC920247AC100B0B5F1 /* Messages.framework in Frameworks */ = {isa = PBXBuildFile; fileRef = 39F78EC820247AC100B0B5F1 /* Messages.framework */; };
		39F78ECC20247AC100B0B5F1 /* MessagesViewController.swift in Sources */ = {isa = PBXBuildFile; fileRef = 39F78ECB20247AC100B0B5F1 /* MessagesViewController.swift */; };
		39F78ECF20247AC100B0B5F1 /* MainInterface.storyboard in Resources */ = {isa = PBXBuildFile; fileRef = 39F78ECD20247AC100B0B5F1 /* MainInterface.storyboard */; };
		39F78ED120247AC100B0B5F1 /* Assets.xcassets in Resources */ = {isa = PBXBuildFile; fileRef = 39F78ED020247AC100B0B5F1 /* Assets.xcassets */; };
/* End PBXBuildFile section */

/* Begin PBXContainerItemProxy section */
		39F78EC520247AC100B0B5F1 /* PBXContainerItemProxy */ = {
			isa = PBXContainerItemProxy;
			containerPortal = 39F78EB320247AC000B0B5F1 /* Project object */;
			proxyType = 1;
			remoteGlobalIDString = 39F78EC220247AC100B0B5F1;
			remoteInfo = "IOS MessagesExtension";
		};
/* End PBXContainerItemProxy section */

/* Begin PBXCopyFilesBuildPhase section */
		39F78ED820247AC100B0B5F1 /* Embed App Extensions */ = {
			isa = PBXCopyFilesBuildPhase;
			buildActionMask = 2147483647;
			dstPath = "";
			dstSubfolderSpec = 13;
			files = (
				39F78EC420247AC100B0B5F1 /* IOS MessagesExtension.appex in Embed App Extensions */,
			);
			name = "Embed App Extensions";
			runOnlyForDeploymentPostprocessing = 0;
		};
/* End PBXCopyFilesBuildPhase section */

/* Begin PBXFileReference section */
		39F78EB920247AC000B0B5F1 /* IOS.app */ = {isa = PBXFileReference; explicitFileType = wrapper.application; includeInIndex = 0; path = IOS.app; sourceTree = BUILT_PRODUCTS_DIR; };
		39F78EBC20247AC000B0B5F1 /* Assets.xcassets */ = {isa = PBXFileReference; lastKnownFileType = folder.assetcatalog; path = Assets.xcassets; sourceTree = "<group>"; };
		39F78EBE20247AC000B0B5F1 /* Info.plist */ = {isa = PBXFileReference; lastKnownFileType = text.plist.xml; path = Info.plist; sourceTree = "<group>"; };
		39F78EC320247AC100B0B5F1 /* IOS MessagesExtension.appex */ = {isa = PBXFileReference; explicitFileType = "wrapper.app-extension"; includeInIndex = 0; path = "IOS MessagesExtension.appex"; sourceTree = BUILT_PRODUCTS_DIR; };
		39F78EC820247AC100B0B5F1 /* Messages.framework */ = {isa = PBXFileReference; lastKnownFileType = wrapper.framework; name = Messages.framework; path = System/Library/Frameworks/Messages.framework; sourceTree = SDKROOT; };
		39F78ECB20247AC100B0B5F1 /* MessagesViewController.swift */ = {isa = PBXFileReference; lastKnownFileType = sourcecode.swift; path = MessagesViewController.swift; sourceTree = "<group>"; };
		39F78ECE20247AC100B0B5F1 /* Base */ = {isa = PBXFileReference; lastKnownFileType = file.storyboard; name = Base; path = Base.lproj/MainInterface.storyboard; sourceTree = "<group>"; };
		39F78ED020247AC100B0B5F1 /* Assets.xcassets */ = {isa = PBXFileReference; lastKnownFileType = folder.assetcatalog; path = Assets.xcassets; sourceTree = "<group>"; };
		39F78ED220247AC100B0B5F1 /* Info.plist */ = {isa = PBXFileReference; lastKnownFileType = text.plist.xml; path = Info.plist; sourceTree = "<group>"; };
/* End PBXFileReference section */

/* Begin PBXFrameworksBuildPhase section */
		39F78EC020247AC100B0B5F1 /* Frameworks */ = {
			isa = PBXFrameworksBuildPhase;
			buildActionMask = 2147483647;
			files = (
				39F78EC920247AC100B0B5F1 /* Messages.framework in Frameworks */,
			);
			runOnlyForDeploymentPostprocessing = 0;
		};
/* End PBXFrameworksBuildPhase section */

/* Begin PBXGroup section */
		39F78EB220247AC000B0B5F1 = {
			isa = PBXGroup;
			children = (
				39F78EBB20247AC000B0B5F1 /* IOS */,
				39F78ECA20247AC100B0B5F1 /* IOS MessagesExtension */,
				39F78EC720247AC100B0B5F1 /* Frameworks */,
				39F78EBA20247AC000B0B5F1 /* Products */,
			);
			sourceTree = "<group>";
		};
		39F78EBA20247AC000B0B5F1 /* Products */ = {
			isa = PBXGroup;
			children = (
				39F78EB920247AC000B0B5F1 /* IOS.app */,
				39F78EC320247AC100B0B5F1 /* IOS MessagesExtension.appex */,
			);
			name = Products;
			sourceTree = "<group>";
		};
		39F78EBB20247AC000B0B5F1 /* IOS */ = {
			isa = PBXGroup;
			children = (
				39F78EBC20247AC000B0B5F1 /* Assets.xcassets */,
				39F78EBE20247AC000B0B5F1 /* Info.plist */,
			);
			path = IOS;
			sourceTree = "<group>";
		};
		39F78EC720247AC100B0B5F1 /* Frameworks */ = {
			isa = PBXGroup;
			children = (
				39F78EC820247AC100B0B5F1 /* Messages.framework */,
			);
			name = Frameworks;
			sourceTree = "<group>";
		};
		39F78ECA20247AC100B0B5F1 /* IOS MessagesExtension */ = {
			isa = PBXGroup;
			children = (
				39F78ECB20247AC100B0B5F1 /* MessagesViewController.swift */,
				39F78ECD20247AC100B0B5F1 /* MainInterface.storyboard */,
				39F78ED020247AC100B0B5F1 /* Assets.xcassets */,
				39F78ED220247AC100B0B5F1 /* Info.plist */,
			);
			path = "IOS MessagesExtension";
			sourceTree = "<group>";
		};
/* End PBXGroup section */

/* Begin PBXNativeTarget section */
		39F78EB820247AC000B0B5F1 /* IOS */ = {
			isa = PBXNativeTarget;
			buildConfigurationList = 39F78ED920247AC100B0B5F1 /* Build configuration list for PBXNativeTarget "IOS" */;
			buildPhases = (
				39F78EB720247AC000B0B5F1 /* Resources */,
				39F78ED820247AC100B0B5F1 /* Embed App Extensions */,
			);
			buildRules = (
			);
			dependencies = (
				39F78EC620247AC100B0B5F1 /* PBXTargetDependency */,
			);
			name = IOS;
			productName = IOS;
			productReference = 39F78EB920247AC000B0B5F1 /* IOS.app */;
			productType = "com.apple.product-type.application.messages";
		};
		39F78EC220247AC100B0B5F1 /* IOS MessagesExtension */ = {
			isa = PBXNativeTarget;
			buildConfigurationList = 39F78ED520247AC100B0B5F1 /* Build configuration list for PBXNativeTarget "IOS MessagesExtension" */;
			buildPhases = (
				39F78EBF20247AC100B0B5F1 /* Sources */,
				39F78EC020247AC100B0B5F1 /* Frameworks */,
				39F78EC120247AC100B0B5F1 /* Resources */,
			);
			buildRules = (
			);
			dependencies = (
			);
			name = "IOS MessagesExtension";
			productName = "IOS MessagesExtension";
			productReference = 39F78EC320247AC100B0B5F1 /* IOS MessagesExtension.appex */;
			productType = "com.apple.product-type.app-extension.messages";
		};
/* End PBXNativeTarget section */

/* Begin PBXProject section */
		39F78EB320247AC000B0B5F1 /* Project object */ = {
			isa = PBXProject;
			attributes = {
				LastSwiftUpdateCheck = 0900;
				LastUpgradeCheck = 0900;
				ORGANIZATIONNAME = MaYuan;
				TargetAttributes = {
					39F78EB820247AC000B0B5F1 = {
						CreatedOnToolsVersion = 9.0;
						ProvisioningStyle = Automatic;
					};
					39F78EC220247AC100B0B5F1 = {
						CreatedOnToolsVersion = 9.0;
						ProvisioningStyle = Automatic;
					};
				};
			};
			buildConfigurationList = 39F78EB620247AC000B0B5F1 /* Build configuration list for PBXProject "IOS" */;
			compatibilityVersion = "Xcode 8.0";
			developmentRegion = en;
			hasScannedForEncodings = 0;
			knownRegions = (
				en,
				Base,
			);
			mainGroup = 39F78EB220247AC000B0B5F1;
			productRefGroup = 39F78EBA20247AC000B0B5F1 /* Products */;
			projectDirPath = "";
			projectRoot = "";
			targets = (
				39F78EB820247AC000B0B5F1 /* IOS */,
				39F78EC220247AC100B0B5F1 /* IOS MessagesExtension */,
			);
		};
/* End PBXProject section */

/* Begin PBXResourcesBuildPhase section */
		39F78EB720247AC000B0B5F1 /* Resources */ = {
			isa = PBXResourcesBuildPhase;
			buildActionMask = 2147483647;
			files = (
				39F78EBD20247AC000B0B5F1 /* Assets.xcassets in Resources */,
			);
			runOnlyForDeploymentPostprocessing = 0;
		};
		39F78EC120247AC100B0B5F1 /* Resources */ = {
			isa = PBXResourcesBuildPhase;
			buildActionMask = 2147483647;
			files = (
				39F78ED120247AC100B0B5F1 /* Assets.xcassets in Resources */,
				39F78ECF20247AC100B0B5F1 /* MainInterface.storyboard in Resources */,
			);
			runOnlyForDeploymentPostprocessing = 0;
		};
/* End PBXResourcesBuildPhase section */

/* Begin PBXSourcesBuildPhase section */
		39F78EBF20247AC100B0B5F1 /* Sources */ = {
			isa = PBXSourcesBuildPhase;
			buildActionMask = 2147483647;
			files = (
				39F78ECC20247AC100B0B5F1 /* MessagesViewController.swift in Sources */,
			);
			runOnlyForDeploymentPostprocessing = 0;
		};
/* End PBXSourcesBuildPhase section */

/* Begin PBXTargetDependency section */
		39F78EC620247AC100B0B5F1 /* PBXTargetDependency */ = {
			isa = PBXTargetDependency;
			target = 39F78EC220247AC100B0B5F1 /* IOS MessagesExtension */;
			targetProxy = 39F78EC520247AC100B0B5F1 /* PBXContainerItemProxy */;
		};
/* End PBXTargetDependency section */

/* Begin PBXVariantGroup section */
		39F78ECD20247AC100B0B5F1 /* MainInterface.storyboard */ = {
			isa = PBXVariantGroup;
			children = (
				39F78ECE20247AC100B0B5F1 /* Base */,
			);
			name = MainInterface.storyboard;
			sourceTree = "<group>";
		};
/* End PBXVariantGroup section */

/* Begin XCBuildConfiguration section */
		39F78ED320247AC100B0B5F1 /* Debug */ = {
			isa = XCBuildConfiguration;
			buildSettings = {
				ALWAYS_SEARCH_USER_PATHS = NO;
				CLANG_ANALYZER_NONNULL = YES;
				CLANG_ANALYZER_NUMBER_OBJECT_CONVERSION = YES_AGGRESSIVE;
				CLANG_CXX_LANGUAGE_STANDARD = "gnu++14";
				CLANG_CXX_LIBRARY = "libc++";
				CLANG_ENABLE_MODULES = YES;
				CLANG_ENABLE_OBJC_ARC = YES;
				CLANG_WARN_BLOCK_CAPTURE_AUTORELEASING = YES;
				CLANG_WARN_BOOL_CONVERSION = YES;
				CLANG_WARN_COMMA = YES;
				CLANG_WARN_CONSTANT_CONVERSION = YES;
				CLANG_WARN_DIRECT_OBJC_ISA_USAGE = YES_ERROR;
				CLANG_WARN_DOCUMENTATION_COMMENTS = YES;
				CLANG_WARN_EMPTY_BODY = YES;
				CLANG_WARN_ENUM_CONVERSION = YES;
				CLANG_WARN_INFINITE_RECURSION = YES;
				CLANG_WARN_INT_CONVERSION = YES;
				CLANG_WARN_NON_LITERAL_NULL_CONVERSION = YES;
				CLANG_WARN_OBJC_LITERAL_CONVERSION = YES;
				CLANG_WARN_OBJC_ROOT_CLASS = YES_ERROR;
				CLANG_WARN_RANGE_LOOP_ANALYSIS = YES;
				CLANG_WARN_STRICT_PROTOTYPES = YES;
				CLANG_WARN_SUSPICIOUS_MOVE = YES;
				CLANG_WARN_UNGUARDED_AVAILABILITY = YES_AGGRESSIVE;
				CLANG_WARN_UNREACHABLE_CODE = YES;
				CLANG_WARN__DUPLICATE_METHOD_MATCH = YES;
				CODE_SIGN_IDENTITY = "iPhone Developer";
				COPY_PHASE_STRIP = NO;
				DEBUG_INFORMATION_FORMAT = dwarf;
				ENABLE_STRICT_OBJC_MSGSEND = YES;
				ENABLE_TESTABILITY = YES;
				GCC_C_LANGUAGE_STANDARD = gnu11;
				GCC_DYNAMIC_NO_PIC = NO;
				GCC_NO_COMMON_BLOCKS = YES;
				GCC_OPTIMIZATION_LEVEL = 0;
				GCC_PREPROCESSOR_DEFINITIONS = (
					"DEBUG=1",
					"$(inherited)",
				);
				GCC_WARN_64_TO_32_BIT_CONVERSION = YES;
				GCC_WARN_ABOUT_RETURN_TYPE = YES_ERROR;
				GCC_WARN_UNDECLARED_SELECTOR = YES;
				GCC_WARN_UNINITIALIZED_AUTOS = YES_AGGRESSIVE;
				GCC_WARN_UNUSED_FUNCTION = YES;
				GCC_WARN_UNUSED_VARIABLE = YES;
				IPHONEOS_DEPLOYMENT_TARGET = 11.0;
				MTL_ENABLE_DEBUG_INFO = YES;
				ONLY_ACTIVE_ARCH = YES;
				SDKROOT = iphoneos;
				SWIFT_ACTIVE_COMPILATION_CONDITIONS = DEBUG;
				SWIFT_OPTIMIZATION_LEVEL = "-Onone";
			};
			name = Debug;
		};
		39F78ED420247AC100B0B5F1 /* Release */ = {
			isa = XCBuildConfiguration;
			buildSettings = {
				ALWAYS_SEARCH_USER_PATHS = NO;
				CLANG_ANALYZER_NONNULL = YES;
				CLANG_ANALYZER_NUMBER_OBJECT_CONVERSION = YES_AGGRESSIVE;
				CLANG_CXX_LANGUAGE_STANDARD = "gnu++14";
				CLANG_CXX_LIBRARY = "libc++";
				CLANG_ENABLE_MODULES = YES;
				CLANG_ENABLE_OBJC_ARC = YES;
				CLANG_WARN_BLOCK_CAPTURE_AUTORELEASING = YES;
				CLANG_WARN_BOOL_CONVERSION = YES;
				CLANG_WARN_COMMA = YES;
				CLANG_WARN_CONSTANT_CONVERSION = YES;
				CLANG_WARN_DIRECT_OBJC_ISA_USAGE = YES_ERROR;
				CLANG_WARN_DOCUMENTATION_COMMENTS = YES;
				CLANG_WARN_EMPTY_BODY = YES;
				CLANG_WARN_ENUM_CONVERSION = YES;
				CLANG_WARN_INFINITE_RECURSION = YES;
				CLANG_WARN_INT_CONVERSION = YES;
				CLANG_WARN_NON_LITERAL_NULL_CONVERSION = YES;
				CLANG_WARN_OBJC_LITERAL_CONVERSION = YES;
				CLANG_WARN_OBJC_ROOT_CLASS = YES_ERROR;
				CLANG_WARN_RANGE_LOOP_ANALYSIS = YES;
				CLANG_WARN_STRICT_PROTOTYPES = YES;
				CLANG_WARN_SUSPICIOUS_MOVE = YES;
				CLANG_WARN_UNGUARDED_AVAILABILITY = YES_AGGRESSIVE;
				CLANG_WARN_UNREACHABLE_CODE = YES;
				CLANG_WARN__DUPLICATE_METHOD_MATCH = YES;
				CODE_SIGN_IDENTITY = "iPhone Developer";
				COPY_PHASE_STRIP = NO;
				DEBUG_INFORMATION_FORMAT = "dwarf-with-dsym";
				ENABLE_NS_ASSERTIONS = NO;
				ENABLE_STRICT_OBJC_MSGSEND = YES;
				GCC_C_LANGUAGE_STANDARD = gnu11;
				GCC_NO_COMMON_BLOCKS = YES;
				GCC_WARN_64_TO_32_BIT_CONVERSION = YES;
				GCC_WARN_ABOUT_RETURN_TYPE = YES_ERROR;
				GCC_WARN_UNDECLARED_SELECTOR = YES;
				GCC_WARN_UNINITIALIZED_AUTOS = YES_AGGRESSIVE;
				GCC_WARN_UNUSED_FUNCTION = YES;
				GCC_WARN_UNUSED_VARIABLE = YES;
				IPHONEOS_DEPLOYMENT_TARGET = 11.0;
				MTL_ENABLE_DEBUG_INFO = NO;
				SDKROOT = iphoneos;
				SWIFT_OPTIMIZATION_LEVEL = "-Owholemodule";
				VALIDATE_PRODUCT = YES;
			};
			name = Release;
		};
		39F78ED620247AC100B0B5F1 /* Debug */ = {
			isa = XCBuildConfiguration;
			buildSettings = {
				ASSETCATALOG_COMPILER_APPICON_NAME = "iMessage App Icon";
				CODE_SIGN_STYLE = Automatic;
				DEVELOPMENT_TEAM = RCS634Z2D7;
				INFOPLIST_FILE = "IOS MessagesExtension/Info.plist";
				LD_RUNPATH_SEARCH_PATHS = "$(inherited) @executable_path/Frameworks @executable_path/../../Frameworks";
				PRODUCT_BUNDLE_IDENTIFIER = "-111.IOS.MessagesExtension";
				PRODUCT_NAME = "$(TARGET_NAME)";
				SKIP_INSTALL = YES;
				SWIFT_VERSION = 4.0;
				TARGETED_DEVICE_FAMILY = "1,2";
			};
			name = Debug;
		};
		39F78ED720247AC100B0B5F1 /* Release */ = {
			isa = XCBuildConfiguration;
			buildSettings = {
				ASSETCATALOG_COMPILER_APPICON_NAME = "iMessage App Icon";
				CODE_SIGN_STYLE = Automatic;
				DEVELOPMENT_TEAM = RCS634Z2D7;
				INFOPLIST_FILE = "IOS MessagesExtension/Info.plist";
				LD_RUNPATH_SEARCH_PATHS = "$(inherited) @executable_path/Frameworks @executable_path/../../Frameworks";
				PRODUCT_BUNDLE_IDENTIFIER = "-111.IOS.MessagesExtension";
				PRODUCT_NAME = "$(TARGET_NAME)";
				SKIP_INSTALL = YES;
				SWIFT_VERSION = 4.0;
				TARGETED_DEVICE_FAMILY = "1,2";
			};
			name = Release;
		};
		39F78EDA20247AC100B0B5F1 /* Debug */ = {
			isa = XCBuildConfiguration;
			buildSettings = {
				ALWAYS_EMBED_SWIFT_STANDARD_LIBRARIES = YES;
				ASSETCATALOG_COMPILER_APPICON_NAME = AppIcon;
				CODE_SIGN_STYLE = Automatic;
				DEVELOPMENT_TEAM = RCS634Z2D7;
				INFOPLIST_FILE = IOS/Info.plist;
				PRODUCT_BUNDLE_IDENTIFIER = "-111.IOS";
				PRODUCT_NAME = "$(TARGET_NAME)";
				SWIFT_VERSION = 4.0;
				TARGETED_DEVICE_FAMILY = "1,2";
			};
			name = Debug;
		};
		39F78EDB20247AC100B0B5F1 /* Release */ = {
			isa = XCBuildConfiguration;
			buildSettings = {
				ALWAYS_EMBED_SWIFT_STANDARD_LIBRARIES = YES;
				ASSETCATALOG_COMPILER_APPICON_NAME = AppIcon;
				CODE_SIGN_STYLE = Automatic;
				DEVELOPMENT_TEAM = RCS634Z2D7;
				INFOPLIST_FILE = IOS/Info.plist;
				PRODUCT_BUNDLE_IDENTIFIER = "-111.IOS";
				PRODUCT_NAME = "$(TARGET_NAME)";
				SWIFT_VERSION = 4.0;
				TARGETED_DEVICE_FAMILY = "1,2";
			};
			name = Release;
		};
/* End XCBuildConfiguration section */

/* Begin XCConfigurationList section */
		39F78EB620247AC000B0B5F1 /* Build configuration list for PBXProject "IOS" */ = {
			isa = XCConfigurationList;
			buildConfigurations = (
				39F78ED320247AC100B0B5F1 /* Debug */,
				39F78ED420247AC100B0B5F1 /* Release */,
			);
			defaultConfigurationIsVisible = 0;
			defaultConfigurationName = Release;
		};
		39F78ED520247AC100B0B5F1 /* Build configuration list for PBXNativeTarget "IOS MessagesExtension" */ = {
			isa = XCConfigurationList;
			buildConfigurations = (
				39F78ED620247AC100B0B5F1 /* Debug */,
				39F78ED720247AC100B0B5F1 /* Release */,
			);
			defaultConfigurationIsVisible = 0;
			defaultConfigurationName = Release;
		};
		39F78ED920247AC100B0B5F1 /* Build configuration list for PBXNativeTarget "IOS" */ = {
			isa = XCConfigurationList;
			buildConfigurations = (
				39F78EDA20247AC100B0B5F1 /* Debug */,
				39F78EDB20247AC100B0B5F1 /* Release */,
			);
			defaultConfigurationIsVisible = 0;
			defaultConfigurationName = Release;
		};
/* End XCConfigurationList section */
	};
	rootObject = 39F78EB320247AC000B0B5F1 /* Project object */;
}
