// !$*UTF8*$!
{
	archiveVersion = 1;
	classes = {
	};
	objectVersion = 46;
	objects = {

/* Begin PBXBuildFile section */
		399879F81EAF3A7B00FF9C6C /* competition.cpp in Sources */ = {isa = PBXBuildFile; fileRef = 399879F71EAF3A7B00FF9C6C /* competition.cpp */; };
		39E2469A1E9C5AA7008D7210 /* main.cpp in Sources */ = {isa = PBXBuildFile; fileRef = 39E246991E9C5AA7008D7210 /* main.cpp */; };
		39E246A21E9C5BE7008D7210 /* poker setting.cpp in Sources */ = {isa = PBXBuildFile; fileRef = 39E246A11E9C5BE6008D7210 /* poker setting.cpp */; };
		39E246A51E9C60EA008D7210 /* player.cpp in Sources */ = {isa = PBXBuildFile; fileRef = 39E246A31E9C60EA008D7210 /* player.cpp */; };
/* End PBXBuildFile section */

/* Begin PBXCopyFilesBuildPhase section */
		39E246941E9C5AA7008D7210 /* CopyFiles */ = {
			isa = PBXCopyFilesBuildPhase;
			buildActionMask = 2147483647;
			dstPath = /usr/share/man/man1/;
			dstSubfolderSpec = 0;
			files = (
			);
			runOnlyForDeploymentPostprocessing = 1;
		};
/* End PBXCopyFilesBuildPhase section */

/* Begin PBXFileReference section */
		399879F71EAF3A7B00FF9C6C /* competition.cpp */ = {isa = PBXFileReference; fileEncoding = 4; lastKnownFileType = sourcecode.cpp.cpp; path = competition.cpp; sourceTree = "<group>"; };
		39E246961E9C5AA7008D7210 /* poker Edition */ = {isa = PBXFileReference; explicitFileType = "compiled.mach-o.executable"; includeInIndex = 0; path = "poker Edition"; sourceTree = BUILT_PRODUCTS_DIR; };
		39E246991E9C5AA7008D7210 /* main.cpp */ = {isa = PBXFileReference; lastKnownFileType = sourcecode.cpp.cpp; path = main.cpp; sourceTree = "<group>"; };
		39E246A11E9C5BE6008D7210 /* poker setting.cpp */ = {isa = PBXFileReference; fileEncoding = 4; lastKnownFileType = sourcecode.cpp.cpp; path = "poker setting.cpp"; sourceTree = "<group>"; };
		39E246A31E9C60EA008D7210 /* player.cpp */ = {isa = PBXFileReference; fileEncoding = 4; lastKnownFileType = sourcecode.cpp.cpp; path = player.cpp; sourceTree = "<group>"; };
/* End PBXFileReference section */

/* Begin PBXFrameworksBuildPhase section */
		39E246931E9C5AA7008D7210 /* Frameworks */ = {
			isa = PBXFrameworksBuildPhase;
			buildActionMask = 2147483647;
			files = (
			);
			runOnlyForDeploymentPostprocessing = 0;
		};
/* End PBXFrameworksBuildPhase section */

/* Begin PBXGroup section */
		39E2468D1E9C5AA7008D7210 = {
			isa = PBXGroup;
			children = (
				39E246981E9C5AA7008D7210 /* poker Edition */,
				39E246971E9C5AA7008D7210 /* Products */,
			);
			sourceTree = "<group>";
		};
		39E246971E9C5AA7008D7210 /* Products */ = {
			isa = PBXGroup;
			children = (
				39E246961E9C5AA7008D7210 /* poker Edition */,
			);
			name = Products;
			sourceTree = "<group>";
		};
		39E246981E9C5AA7008D7210 /* poker Edition */ = {
			isa = PBXGroup;
			children = (
				39E246991E9C5AA7008D7210 /* main.cpp */,
				399879F71EAF3A7B00FF9C6C /* competition.cpp */,
				39E246A11E9C5BE6008D7210 /* poker setting.cpp */,
				39E246A31E9C60EA008D7210 /* player.cpp */,
			);
			path = "poker Edition";
			sourceTree = "<group>";
		};
/* End PBXGroup section */

/* Begin PBXNativeTarget section */
		39E246951E9C5AA7008D7210 /* poker Edition */ = {
			isa = PBXNativeTarget;
			buildConfigurationList = 39E2469D1E9C5AA7008D7210 /* Build configuration list for PBXNativeTarget "poker Edition" */;
			buildPhases = (
				39E246921E9C5AA7008D7210 /* Sources */,
				39E246931E9C5AA7008D7210 /* Frameworks */,
				39E246941E9C5AA7008D7210 /* CopyFiles */,
			);
			buildRules = (
			);
			dependencies = (
			);
			name = "poker Edition";
			productName = "poker Edition";
			productReference = 39E246961E9C5AA7008D7210 /* poker Edition */;
			productType = "com.apple.product-type.tool";
		};
/* End PBXNativeTarget section */

/* Begin PBXProject section */
		39E2468E1E9C5AA7008D7210 /* Project object */ = {
			isa = PBXProject;
			attributes = {
				LastUpgradeCheck = 0820;
				ORGANIZATIONNAME = MaYuan;
				TargetAttributes = {
					39E246951E9C5AA7008D7210 = {
						CreatedOnToolsVersion = 8.2.1;
						DevelopmentTeam = RCS634Z2D7;
						ProvisioningStyle = Automatic;
					};
				};
			};
			buildConfigurationList = 39E246911E9C5AA7008D7210 /* Build configuration list for PBXProject "poker Edition" */;
			compatibilityVersion = "Xcode 3.2";
			developmentRegion = English;
			hasScannedForEncodings = 0;
			knownRegions = (
				en,
			);
			mainGroup = 39E2468D1E9C5AA7008D7210;
			productRefGroup = 39E246971E9C5AA7008D7210 /* Products */;
			projectDirPath = "";
			projectRoot = "";
			targets = (
				39E246951E9C5AA7008D7210 /* poker Edition */,
			);
		};
/* End PBXProject section */

/* Begin PBXSourcesBuildPhase section */
		39E246921E9C5AA7008D7210 /* Sources */ = {
			isa = PBXSourcesBuildPhase;
			buildActionMask = 2147483647;
			files = (
				39E2469A1E9C5AA7008D7210 /* main.cpp in Sources */,
				39E246A21E9C5BE7008D7210 /* poker setting.cpp in Sources */,
				39E246A51E9C60EA008D7210 /* player.cpp in Sources */,
				399879F81EAF3A7B00FF9C6C /* competition.cpp in Sources */,
			);
			runOnlyForDeploymentPostprocessing = 0;
		};
/* End PBXSourcesBuildPhase section */

/* Begin XCBuildConfiguration section */
		39E2469B1E9C5AA7008D7210 /* Debug */ = {
			isa = XCBuildConfiguration;
			buildSettings = {
				ALWAYS_SEARCH_USER_PATHS = NO;
				CLANG_ANALYZER_NONNULL = YES;
				CLANG_CXX_LANGUAGE_STANDARD = "gnu++0x";
				CLANG_CXX_LIBRARY = "libc++";
				CLANG_ENABLE_MODULES = YES;
				CLANG_ENABLE_OBJC_ARC = YES;
				CLANG_WARN_BOOL_CONVERSION = YES;
				CLANG_WARN_CONSTANT_CONVERSION = YES;
				CLANG_WARN_DIRECT_OBJC_ISA_USAGE = YES_ERROR;
				CLANG_WARN_DOCUMENTATION_COMMENTS = YES;
				CLANG_WARN_EMPTY_BODY = YES;
				CLANG_WARN_ENUM_CONVERSION = YES;
				CLANG_WARN_INFINITE_RECURSION = YES;
				CLANG_WARN_INT_CONVERSION = YES;
				CLANG_WARN_OBJC_ROOT_CLASS = YES_ERROR;
				CLANG_WARN_SUSPICIOUS_MOVE = YES;
				CLANG_WARN_UNREACHABLE_CODE = YES;
				CLANG_WARN__DUPLICATE_METHOD_MATCH = YES;
				CODE_SIGN_IDENTITY = "-";
				COPY_PHASE_STRIP = NO;
				DEBUG_INFORMATION_FORMAT = dwarf;
				ENABLE_STRICT_OBJC_MSGSEND = YES;
				ENABLE_TESTABILITY = YES;
				GCC_C_LANGUAGE_STANDARD = gnu99;
				GCC_DYNAMIC_NO_PIC = NO;
				GCC_NO_COMMON_BLOCKS = YES;
				GCC_OPTIMIZATION_LEVEL = 0;
				GCC_PREPROCESSOR_DEFINITIONS = (
					"DEBUG=1",
					"$(inherited)",
				);
				GCC_WARN_64_TO_32_BIT_CONVERSION = YES;
				GCC_WARN_ABOUT_RETURN_TYPE = YES_ERROR;
				GCC_WARN_UNDECLARED_SELECTOR = YES;
				GCC_WARN_UNINITIALIZED_AUTOS = YES_AGGRESSIVE;
				GCC_WARN_UNUSED_FUNCTION = YES;
				GCC_WARN_UNUSED_VARIABLE = YES;
				MACOSX_DEPLOYMENT_TARGET = 10.12;
				MTL_ENABLE_DEBUG_INFO = YES;
				ONLY_ACTIVE_ARCH = YES;
				SDKROOT = macosx;
			};
			name = Debug;
		};
		39E2469C1E9C5AA7008D7210 /* Release */ = {
			isa = XCBuildConfiguration;
			buildSettings = {
				ALWAYS_SEARCH_USER_PATHS = NO;
				CLANG_ANALYZER_NONNULL = YES;
				CLANG_CXX_LANGUAGE_STANDARD = "gnu++0x";
				CLANG_CXX_LIBRARY = "libc++";
				CLANG_ENABLE_MODULES = YES;
				CLANG_ENABLE_OBJC_ARC = YES;
				CLANG_WARN_BOOL_CONVERSION = YES;
				CLANG_WARN_CONSTANT_CONVERSION = YES;
				CLANG_WARN_DIRECT_OBJC_ISA_USAGE = YES_ERROR;
				CLANG_WARN_DOCUMENTATION_COMMENTS = YES;
				CLANG_WARN_EMPTY_BODY = YES;
				CLANG_WARN_ENUM_CONVERSION = YES;
				CLANG_WARN_INFINITE_RECURSION = YES;
				CLANG_WARN_INT_CONVERSION = YES;
				CLANG_WARN_OBJC_ROOT_CLASS = YES_ERROR;
				CLANG_WARN_SUSPICIOUS_MOVE = YES;
				CLANG_WARN_UNREACHABLE_CODE = YES;
				CLANG_WARN__DUPLICATE_METHOD_MATCH = YES;
				CODE_SIGN_IDENTITY = "-";
				COPY_PHASE_STRIP = NO;
				DEBUG_INFORMATION_FORMAT = "dwarf-with-dsym";
				ENABLE_NS_ASSERTIONS = NO;
				ENABLE_STRICT_OBJC_MSGSEND = YES;
				GCC_C_LANGUAGE_STANDARD = gnu99;
				GCC_NO_COMMON_BLOCKS = YES;
				GCC_WARN_64_TO_32_BIT_CONVERSION = YES;
				GCC_WARN_ABOUT_RETURN_TYPE = YES_ERROR;
				GCC_WARN_UNDECLARED_SELECTOR = YES;
				GCC_WARN_UNINITIALIZED_AUTOS = YES_AGGRESSIVE;
				GCC_WARN_UNUSED_FUNCTION = YES;
				GCC_WARN_UNUSED_VARIABLE = YES;
				MACOSX_DEPLOYMENT_TARGET = 10.12;
				MTL_ENABLE_DEBUG_INFO = NO;
				SDKROOT = macosx;
			};
			name = Release;
		};
		39E2469E1E9C5AA7008D7210 /* Debug */ = {
			isa = XCBuildConfiguration;
			buildSettings = {
				DEVELOPMENT_TEAM = RCS634Z2D7;
				PRODUCT_NAME = "$(TARGET_NAME)";
			};
			name = Debug;
		};
		39E2469F1E9C5AA7008D7210 /* Release */ = {
			isa = XCBuildConfiguration;
			buildSettings = {
				DEVELOPMENT_TEAM = RCS634Z2D7;
				PRODUCT_NAME = "$(TARGET_NAME)";
			};
			name = Release;
		};
/* End XCBuildConfiguration section */

/* Begin XCConfigurationList section */
		39E246911E9C5AA7008D7210 /* Build configuration list for PBXProject "poker Edition" */ = {
			isa = XCConfigurationList;
			buildConfigurations = (
				39E2469B1E9C5AA7008D7210 /* Debug */,
				39E2469C1E9C5AA7008D7210 /* Release */,
			);
			defaultConfigurationIsVisible = 0;
			defaultConfigurationName = Release;
		};
		39E2469D1E9C5AA7008D7210 /* Build configuration list for PBXNativeTarget "poker Edition" */ = {
			isa = XCConfigurationList;
			buildConfigurations = (
				39E2469E1E9C5AA7008D7210 /* Debug */,
				39E2469F1E9C5AA7008D7210 /* Release */,
			);
			defaultConfigurationIsVisible = 0;
			defaultConfigurationName = Release;
		};
/* End XCConfigurationList section */
	};
	rootObject = 39E2468E1E9C5AA7008D7210 /* Project object */;
}
